{
  "nodes": {
    "flake-compat": {
      "flake": false,
      "locked": {
        "lastModified": 1696426674,
        "narHash": "sha256-kvjfFW7WAETZlt09AgDn1MrtKzP7t90Vf7vypd3OL1U=",
        "owner": "edolstra",
        "repo": "flake-compat",
        "rev": "0f9255e01c2351cc7d116c072cb317785dd33b33",
        "type": "github"
      },
      "original": {
        "owner": "edolstra",
        "repo": "flake-compat",
        "type": "github"
      }
    },
    "flake-utils": {
      "inputs": {
        "systems": "systems"
      },
      "locked": {
        "lastModified": 1710146030,
        "narHash": "sha256-SZ5L6eA7HJ/nmkzGG7/ISclqe6oZdOZTNoesiInkXPQ=",
        "owner": "numtide",
        "repo": "flake-utils",
        "rev": "b1d9ab70662946ef0850d488da1c9019f3a9752a",
        "type": "github"
      },
      "original": {
        "owner": "numtide",
        "repo": "flake-utils",
        "type": "github"
      }
    },
    "fmt-src": {
      "flake": false,
      "locked": {
        "lastModified": 1661615830,
        "narHash": "sha256-rP6ymyRc7LnKxUXwPpzhHOQvpJkpnRFOt2ctvUNlYI0=",
        "owner": "fmtlib",
        "repo": "fmt",
        "rev": "a33701196adfad74917046096bf5a2aa0ab0bb50",
        "type": "github"
      },
      "original": {
        "owner": "fmtlib",
        "ref": "9.1.0",
        "repo": "fmt",
        "type": "github"
      }
    },
    "haskell-backend": {
      "inputs": {
        "nixpkgs": [
          "haskell-backend",
          "rv-utils",
          "nixpkgs"
        ],
        "rv-utils": "rv-utils",
        "stacklock2nix": "stacklock2nix",
        "z3": "z3"
      },
      "locked": {
        "lastModified": 1715857203,
        "narHash": "sha256-JrT/ectLjfID38zRPhg/g3oixinnBL3sChqYXqp0BpI=",
        "owner": "runtimeverification",
        "repo": "haskell-backend",
        "rev": "b27210141c06c5698201dc3f1fabc90bd09ffe59",
        "type": "github"
      },
      "original": {
        "owner": "runtimeverification",
        "repo": "haskell-backend",
        "rev": "b27210141c06c5698201dc3f1fabc90bd09ffe59",
        "type": "github"
      }
    },
    "immer-src": {
      "flake": false,
      "locked": {
        "lastModified": 1708038459,
        "narHash": "sha256-aV/mQFuPzioy1PxROc85ypeP7/d0nn+xcBPzy9taw2s=",
        "owner": "runtimeverification",
        "repo": "immer",
        "rev": "4b0914f0b2acb33befe0ba4cd3a7954f2687e9bb",
        "type": "github"
      },
      "original": {
        "owner": "runtimeverification",
        "repo": "immer",
        "rev": "4b0914f0b2acb33befe0ba4cd3a7954f2687e9bb",
        "type": "github"
      }
    },
    "llvm-backend": {
      "inputs": {
        "flake-compat": "flake-compat",
        "fmt-src": "fmt-src",
        "immer-src": "immer-src",
        "nixpkgs": [
          "llvm-backend",
          "rv-utils",
          "nixpkgs"
        ],
        "pybind11-src": "pybind11-src",
        "rapidjson-src": "rapidjson-src",
        "rv-utils": "rv-utils_2",
        "utils": [
          "flake-utils"
        ]
      },
      "locked": {
        "lastModified": 1715953329,
        "narHash": "sha256-n0vNCqVPChyIAnSw7TOdYzXkGqfTQBN5cEuB8zVqsKg=",
        "owner": "runtimeverification",
        "repo": "llvm-backend",
        "rev": "bd5baac9c50992183ac13d52d7be13c20803662e",
        "type": "github"
      },
      "original": {
        "owner": "runtimeverification",
        "ref": "v0.1.18",
        "repo": "llvm-backend",
        "type": "github"
      }
    },
    "nixpkgs": {
      "locked": {
        "lastModified": 1707163378,
        "narHash": "sha256-oz+BzUDwtyircjjxv9aPYOS5gobxLCjD2il+gb/bCRo=",
        "owner": "nixos",
        "repo": "nixpkgs",
        "rev": "e2ffefe304d941bb98989847944f3b58e0adcdd5",
        "type": "github"
      },
      "original": {
        "owner": "nixos",
        "repo": "nixpkgs",
        "rev": "e2ffefe304d941bb98989847944f3b58e0adcdd5",
        "type": "github"
      }
    },
    "nixpkgs_2": {
      "locked": {
        "lastModified": 1707163378,
        "narHash": "sha256-oz+BzUDwtyircjjxv9aPYOS5gobxLCjD2il+gb/bCRo=",
        "owner": "nixos",
        "repo": "nixpkgs",
        "rev": "e2ffefe304d941bb98989847944f3b58e0adcdd5",
        "type": "github"
      },
      "original": {
        "owner": "nixos",
        "repo": "nixpkgs",
        "rev": "e2ffefe304d941bb98989847944f3b58e0adcdd5",
        "type": "github"
      }
    },
    "nixpkgs_3": {
      "locked": {
        "lastModified": 1707163378,
        "narHash": "sha256-oz+BzUDwtyircjjxv9aPYOS5gobxLCjD2il+gb/bCRo=",
        "owner": "nixos",
        "repo": "nixpkgs",
        "rev": "e2ffefe304d941bb98989847944f3b58e0adcdd5",
        "type": "github"
      },
      "original": {
        "owner": "nixos",
        "repo": "nixpkgs",
        "rev": "e2ffefe304d941bb98989847944f3b58e0adcdd5",
        "type": "github"
      }
    },
    "pybind11-src": {
      "flake": false,
      "locked": {
        "lastModified": 1657936673,
        "narHash": "sha256-/X8DZPFsNrKGbhjZ1GFOj17/NU6p4R+saCW3pLKVNeA=",
        "owner": "pybind",
        "repo": "pybind11",
        "rev": "0ba639d6177659c5dc2955ac06ad7b5b0d22e05c",
        "type": "github"
      },
      "original": {
        "owner": "pybind",
        "repo": "pybind11",
        "rev": "0ba639d6177659c5dc2955ac06ad7b5b0d22e05c",
        "type": "github"
      }
    },
    "rapidjson-src": {
      "flake": false,
      "locked": {
        "lastModified": 1472111945,
        "narHash": "sha256-SxUXSOQDZ0/3zlFI4R84J56/1fkw2jhge4mexNF6Pco=",
        "owner": "Tencent",
        "repo": "rapidjson",
        "rev": "f54b0e47a08782a6131cc3d60f94d038fa6e0a51",
        "type": "github"
      },
      "original": {
        "owner": "Tencent",
        "repo": "rapidjson",
        "rev": "f54b0e47a08782a6131cc3d60f94d038fa6e0a51",
        "type": "github"
      }
    },
    "root": {
      "inputs": {
        "flake-utils": "flake-utils",
        "haskell-backend": "haskell-backend",
        "llvm-backend": "llvm-backend",
        "nixpkgs": [
          "llvm-backend",
          "nixpkgs"
        ],
        "rv-utils": "rv-utils_3"
      }
    },
    "rv-utils": {
      "inputs": {
        "nixpkgs": "nixpkgs"
      },
      "locked": {
        "lastModified": 1707492220,
        "narHash": "sha256-KRndaUPzUumDlNcKF7KzA8F/EZKLYCvurh7Z13sw2PI=",
        "owner": "runtimeverification",
        "repo": "rv-nix-tools",
        "rev": "abf86805a623948c941e603e2fc4c26a06ea6eb6",
        "type": "github"
      },
      "original": {
        "owner": "runtimeverification",
        "repo": "rv-nix-tools",
        "type": "github"
      }
    },
    "rv-utils_2": {
      "inputs": {
        "nixpkgs": "nixpkgs_2"
      },
      "locked": {
        "lastModified": 1707492220,
        "narHash": "sha256-KRndaUPzUumDlNcKF7KzA8F/EZKLYCvurh7Z13sw2PI=",
        "owner": "runtimeverification",
        "repo": "rv-nix-tools",
        "rev": "abf86805a623948c941e603e2fc4c26a06ea6eb6",
        "type": "github"
      },
      "original": {
        "owner": "runtimeverification",
        "repo": "rv-nix-tools",
        "type": "github"
      }
    },
    "rv-utils_3": {
      "inputs": {
        "nixpkgs": "nixpkgs_3"
      },
      "locked": {
        "lastModified": 1715010438,
        "narHash": "sha256-Do1CWSXjmmun4HvsIymchDhe6EvVS46BTpM466bwNcc=",
        "owner": "runtimeverification",
        "repo": "rv-nix-tools",
        "rev": "dbffdf9266aa237da45c0b08f6750ced7c1cd686",
        "type": "github"
      },
      "original": {
        "owner": "runtimeverification",
        "repo": "rv-nix-tools",
        "type": "github"
      }
    },
    "stacklock2nix": {
      "locked": {
        "lastModified": 1705051190,
        "narHash": "sha256-xgH0gaD3dNtOzZzX3A40hZTiHJP5cIGmifbmfcS2OGI=",
        "owner": "cdepillabout",
        "repo": "stacklock2nix",
        "rev": "22676dfc45fa1c33899ba1da1a23665172a18ba7",
        "type": "github"
      },
      "original": {
        "owner": "cdepillabout",
        "repo": "stacklock2nix",
        "type": "github"
      }
    },
    "systems": {
      "locked": {
        "lastModified": 1681028828,
        "narHash": "sha256-Vy1rq5AaRuLzOxct8nz4T6wlgyUR7zLU309k9mBC768=",
        "owner": "nix-systems",
        "repo": "default",
        "rev": "da67096a3b9bf56a91d16901293e51ba5b49a27e",
        "type": "github"
      },
      "original": {
        "owner": "nix-systems",
        "repo": "default",
        "type": "github"
      }
    },
    "z3": {
      "flake": false,
      "locked": {
        "lastModified": 1674011426,
        "narHash": "sha256-7cuUf29TMpX62PwO1ab3ZuzmzlcrRjTKB1CyXnYgYus=",
        "owner": "Z3Prover",
        "repo": "z3",
        "rev": "3012293c35eadbfd73e5b94adbe50b0cc44ffb83",
        "type": "github"
      },
      "original": {
        "owner": "Z3Prover",
        "ref": "z3-4.12.1",
        "repo": "z3",
        "type": "github"
      }
    }
  },
  "root": "root",
  "version": 7
}
