{
  "nodes": {
    "flake-utils": {
      "locked": {
        "lastModified": 1659877975,
        "narHash": "sha256-zllb8aq3YO3h8B/U0/J1WBgAL8EX5yWf5pMj3G0NAmc=",
        "owner": "numtide",
        "repo": "flake-utils",
        "rev": "c0e246b9b83f637f4681389ecabcb2681b4f3af0",
        "type": "github"
      },
      "original": {
        "owner": "numtide",
        "repo": "flake-utils",
        "type": "github"
      }
    },
    "flake-utils_2": {
      "locked": {
        "lastModified": 1659877975,
        "narHash": "sha256-zllb8aq3YO3h8B/U0/J1WBgAL8EX5yWf5pMj3G0NAmc=",
        "owner": "numtide",
        "repo": "flake-utils",
        "rev": "c0e246b9b83f637f4681389ecabcb2681b4f3af0",
        "type": "github"
      },
      "original": {
        "owner": "numtide",
        "repo": "flake-utils",
        "type": "github"
      }
    },
    "nixpkgs": {
      "locked": {
        "lastModified": 1662725923,
        "narHash": "sha256-cGA/hTIg2J2W/hfQJm89pu1lTYe0T8bW1rSb7y8zmB8=",
        "owner": "NixOS",
        "repo": "nixpkgs",
        "rev": "17327cd341e855bdde3ea21354db6dcada95253d",
        "type": "github"
      },
      "original": {
        "owner": "NixOS",
        "repo": "nixpkgs",
        "type": "github"
      }
    },
    "nixpkgs_2": {
      "locked": {
        "lastModified": 1662725923,
        "narHash": "sha256-cGA/hTIg2J2W/hfQJm89pu1lTYe0T8bW1rSb7y8zmB8=",
        "owner": "NixOS",
        "repo": "nixpkgs",
        "rev": "17327cd341e855bdde3ea21354db6dcada95253d",
        "type": "github"
      },
      "original": {
        "owner": "NixOS",
        "repo": "nixpkgs",
        "type": "github"
      }
    },
    "poetry2nix": {
      "inputs": {
        "flake-utils": "flake-utils_2",
        "nixpkgs": "nixpkgs_2"
      },
      "locked": {
        "lastModified": 1662501725,
        "narHash": "sha256-MJGqNpbDikOYZODfa4CyqAyH8IYz/4fvUjU0EV1oMIQ=",
        "owner": "nix-community",
        "repo": "poetry2nix",
        "rev": "539423bbf90465049112a3d7c340cc68911acb51",
        "type": "github"
      },
      "original": {
        "owner": "nix-community",
        "repo": "poetry2nix",
        "type": "github"
      }
    },
    "root": {
      "inputs": {
        "flake-utils": "flake-utils",
        "nixpkgs": "nixpkgs",
        "poetry2nix": "poetry2nix"
      }
    }
  },
  "root": "root",
  "version": 7
}
